
Microsoft Visual Studio Solution File, Format Version 12.00
# Visual Studio Version 16
VisualStudioVersion = 16.0.29920.165
MinimumVisualStudioVersion = 10.0.40219.1
Project("{FAE04EC0-301F-11D3-BF4B-00C04F79EFBC}") = "snakes_on_a_plane", "snakes_on_a_plane.csproj", "{912D746C-9C1D-40C9-AF28-4C5661CA868B}"
EndProject
Global
	GlobalSection(SolutionConfigurationPlatforms) = preSolution
		Debug|Any CPU = Debug|Any CPU
		Release|Any CPU = Release|Any CPU
	EndGlobalSection
	GlobalSection(ProjectConfigurationPlatforms) = postSolution
		{912D746C-9C1D-40C9-AF28-4C5661CA868B}.Debug|Any CPU.ActiveCfg = Debug|Any CPU
		{912D746C-9C1D-40C9-AF28-4C5661CA868B}.Debug|Any CPU.Build.0 = Debug|Any CPU
		{912D746C-9C1D-40C9-AF28-4C5661CA868B}.Release|Any CPU.ActiveCfg = Release|Any CPU
		{912D746C-9C1D-40C9-AF28-4C5661CA868B}.Release|Any CPU.Build.0 = Release|Any CPU
	EndGlobalSection
	GlobalSection(SolutionProperties) = preSolution
		HideSolutionNode = FALSE
	EndGlobalSection
	GlobalSection(ExtensibilityGlobals) = postSolution
		SolutionGuid = {7FF2D896-BF9B-40FB-BB94-75BFF12AA593}
	EndGlobalSection
EndGlobal
